
Microsoft Visual Studio Solution File, Format Version 12.00
# Visual Studio 15
VisualStudioVersion = 15.0.28307.1169
MinimumVisualStudioVersion = 10.0.40219.1
Project("{FAE04EC0-301F-11D3-BF4B-00C04F79EFBC}") = "NUnitTesting", "TestNinja\NUnitTesting.csproj", "{7328740E-4B78-464F-8352-65D887F2145F}"
EndProject
Project("{FAE04EC0-301F-11D3-BF4B-00C04F79EFBC}") = "NUnitTesting.UnitTests", "TestNinja.UnitTests\NUnitTesting.UnitTests.csproj", "{68F855E5-90F6-4F1B-8BDC-0D7F11FFE3C4}"
EndProject
Global
	GlobalSection(SolutionConfigurationPlatforms) = preSolution
		Debug|Any CPU = Debug|Any CPU
		Release|Any CPU = Release|Any CPU
	EndGlobalSection
	GlobalSection(ProjectConfigurationPlatforms) = postSolution
		{7328740E-4B78-464F-8352-65D887F2145F}.Debug|Any CPU.ActiveCfg = Debug|Any CPU
		{7328740E-4B78-464F-8352-65D887F2145F}.Debug|Any CPU.Build.0 = Debug|Any CPU
		{7328740E-4B78-464F-8352-65D887F2145F}.Release|Any CPU.ActiveCfg = Release|Any CPU
		{7328740E-4B78-464F-8352-65D887F2145F}.Release|Any CPU.Build.0 = Release|Any CPU
		{68F855E5-90F6-4F1B-8BDC-0D7F11FFE3C4}.Debug|Any CPU.ActiveCfg = Debug|Any CPU
		{68F855E5-90F6-4F1B-8BDC-0D7F11FFE3C4}.Debug|Any CPU.Build.0 = Debug|Any CPU
		{68F855E5-90F6-4F1B-8BDC-0D7F11FFE3C4}.Release|Any CPU.ActiveCfg = Release|Any CPU
		{68F855E5-90F6-4F1B-8BDC-0D7F11FFE3C4}.Release|Any CPU.Build.0 = Release|Any CPU
	EndGlobalSection
	GlobalSection(SolutionProperties) = preSolution
		HideSolutionNode = FALSE
	EndGlobalSection
	GlobalSection(ExtensibilityGlobals) = postSolution
		SolutionGuid = {7D03BDF3-AC33-4FE1-9196-D3B54EB4326F}
	EndGlobalSection
EndGlobal
